
Microsoft Visual Studio Solution File, Format Version 12.00
# Visual Studio 2013
VisualStudioVersion = 12.0.31101.0
MinimumVisualStudioVersion = 10.0.40219.1
Project("{FAE04EC0-301F-11D3-BF4B-00C04F79EFBC}") = "Agent.PostSharp.3.0.NET40", "src\Agent.PostSharp.3.0.NET40\Agent.PostSharp.3.0.NET40.csproj", "{068F4EE3-73E0-481C-96F2-E8948AC8905F}"
EndProject
Project("{FAE04EC0-301F-11D3-BF4B-00C04F79EFBC}") = "Agent.PostSharp.3.0.NET45", "src\Agent.PostSharp.3.0.NET45\Agent.PostSharp.3.0.NET45.csproj", "{CC731E7E-4799-4517-8EE4-81436FBC7E18}"
EndProject
Project("{FAE04EC0-301F-11D3-BF4B-00C04F79EFBC}") = "Agent.PostSharp.Test", "src\Agent.PostSharp.Test\Agent.PostSharp.Test.csproj", "{BDB284BF-D0C3-4F82-B08D-C5A752AD8603}"
EndProject
Global
	GlobalSection(SolutionConfigurationPlatforms) = preSolution
		Debug|Any CPU = Debug|Any CPU
		Release|Any CPU = Release|Any CPU
	EndGlobalSection
	GlobalSection(ProjectConfigurationPlatforms) = postSolution
		{068F4EE3-73E0-481C-96F2-E8948AC8905F}.Debug|Any CPU.ActiveCfg = Debug|Any CPU
		{068F4EE3-73E0-481C-96F2-E8948AC8905F}.Debug|Any CPU.Build.0 = Debug|Any CPU
		{068F4EE3-73E0-481C-96F2-E8948AC8905F}.Release|Any CPU.ActiveCfg = Release|Any CPU
		{068F4EE3-73E0-481C-96F2-E8948AC8905F}.Release|Any CPU.Build.0 = Release|Any CPU
		{CC731E7E-4799-4517-8EE4-81436FBC7E18}.Debug|Any CPU.ActiveCfg = Debug|Any CPU
		{CC731E7E-4799-4517-8EE4-81436FBC7E18}.Debug|Any CPU.Build.0 = Debug|Any CPU
		{CC731E7E-4799-4517-8EE4-81436FBC7E18}.Release|Any CPU.ActiveCfg = Release|Any CPU
		{CC731E7E-4799-4517-8EE4-81436FBC7E18}.Release|Any CPU.Build.0 = Release|Any CPU
		{BDB284BF-D0C3-4F82-B08D-C5A752AD8603}.Debug|Any CPU.ActiveCfg = Debug|Any CPU
		{BDB284BF-D0C3-4F82-B08D-C5A752AD8603}.Debug|Any CPU.Build.0 = Debug|Any CPU
		{BDB284BF-D0C3-4F82-B08D-C5A752AD8603}.Release|Any CPU.ActiveCfg = Release|Any CPU
		{BDB284BF-D0C3-4F82-B08D-C5A752AD8603}.Release|Any CPU.Build.0 = Release|Any CPU
	EndGlobalSection
	GlobalSection(SolutionProperties) = preSolution
		HideSolutionNode = FALSE
	EndGlobalSection
EndGlobal
